
Microsoft Visual Studio Solution File, Format Version 12.00
# Visual Studio 2012
Project("{D954291E-2A0B-460D-934E-DC6B0785DB48}") = "ProjectSPACEbar", "ProjectSPACEbar\ProjectSPACEbar.shproj", "{BEB76FC3-428C-4380-B6AC-6CF382D23C7A}"
EndProject
Project("{FAE04EC0-301F-11D3-BF4B-00C04F79EFBC}") = "ProjectSPACEbar.iOS", "iOS\ProjectSPACEbar.iOS.csproj", "{6E0755D9-B350-42FC-B81F-996E1860C21B}"
EndProject
Project("{FAE04EC0-301F-11D3-BF4B-00C04F79EFBC}") = "ProjectSPACEbar.Droid", "Droid\ProjectSPACEbar.Droid.csproj", "{E13B37CB-24EA-474F-9900-094105BA3020}"
EndProject
Global
	GlobalSection(SolutionConfigurationPlatforms) = preSolution
		Debug|iPhoneSimulator = Debug|iPhoneSimulator
		Release|iPhone = Release|iPhone
		Release|iPhoneSimulator = Release|iPhoneSimulator
		Debug|iPhone = Debug|iPhone
		Debug|Any CPU = Debug|Any CPU
		Release|Any CPU = Release|Any CPU
	EndGlobalSection
	GlobalSection(ProjectConfigurationPlatforms) = postSolution
		{6E0755D9-B350-42FC-B81F-996E1860C21B}.Debug|iPhoneSimulator.ActiveCfg = Debug|iPhoneSimulator
		{6E0755D9-B350-42FC-B81F-996E1860C21B}.Debug|iPhoneSimulator.Build.0 = Debug|iPhoneSimulator
		{6E0755D9-B350-42FC-B81F-996E1860C21B}.Release|iPhone.ActiveCfg = Release|iPhone
		{6E0755D9-B350-42FC-B81F-996E1860C21B}.Release|iPhone.Build.0 = Release|iPhone
		{6E0755D9-B350-42FC-B81F-996E1860C21B}.Release|iPhoneSimulator.ActiveCfg = Release|iPhoneSimulator
		{6E0755D9-B350-42FC-B81F-996E1860C21B}.Release|iPhoneSimulator.Build.0 = Release|iPhoneSimulator
		{6E0755D9-B350-42FC-B81F-996E1860C21B}.Debug|iPhone.ActiveCfg = Debug|iPhone
		{6E0755D9-B350-42FC-B81F-996E1860C21B}.Debug|iPhone.Build.0 = Debug|iPhone
		{6E0755D9-B350-42FC-B81F-996E1860C21B}.Debug|Any CPU.ActiveCfg = Debug|iPhoneSimulator
		{6E0755D9-B350-42FC-B81F-996E1860C21B}.Debug|Any CPU.Build.0 = Debug|iPhoneSimulator
		{6E0755D9-B350-42FC-B81F-996E1860C21B}.Release|Any CPU.ActiveCfg = Release|iPhone
		{6E0755D9-B350-42FC-B81F-996E1860C21B}.Release|Any CPU.Build.0 = Release|iPhone
		{E13B37CB-24EA-474F-9900-094105BA3020}.Debug|iPhoneSimulator.ActiveCfg = Debug|Any CPU
		{E13B37CB-24EA-474F-9900-094105BA3020}.Debug|iPhoneSimulator.Build.0 = Debug|Any CPU
		{E13B37CB-24EA-474F-9900-094105BA3020}.Release|iPhone.ActiveCfg = Release|Any CPU
		{E13B37CB-24EA-474F-9900-094105BA3020}.Release|iPhone.Build.0 = Release|Any CPU
		{E13B37CB-24EA-474F-9900-094105BA3020}.Release|iPhoneSimulator.ActiveCfg = Release|Any CPU
		{E13B37CB-24EA-474F-9900-094105BA3020}.Release|iPhoneSimulator.Build.0 = Release|Any CPU
		{E13B37CB-24EA-474F-9900-094105BA3020}.Debug|iPhone.ActiveCfg = Debug|Any CPU
		{E13B37CB-24EA-474F-9900-094105BA3020}.Debug|iPhone.Build.0 = Debug|Any CPU
		{E13B37CB-24EA-474F-9900-094105BA3020}.Debug|Any CPU.ActiveCfg = Debug|Any CPU
		{E13B37CB-24EA-474F-9900-094105BA3020}.Debug|Any CPU.Build.0 = Debug|Any CPU
		{E13B37CB-24EA-474F-9900-094105BA3020}.Release|Any CPU.ActiveCfg = Release|Any CPU
		{E13B37CB-24EA-474F-9900-094105BA3020}.Release|Any CPU.Build.0 = Release|Any CPU
	EndGlobalSection
EndGlobal
